<Solution>
  <Configurations>
    <Platform Name="Any CPU" />
    <Platform Name="x64" />
  </Configurations>
  <Project Path="RTSPCaster.Backend.SmokeTests/RTSPCaster.Backend.SmokeTests.csproj" />
  <Project Path="RTSPCaster.Backend/RTSPCaster.Backend.csproj" Id="82c72199-85a7-49d4-b1e4-67dfc085f311" />
  <Project Path="RTSPCaster.Frontend/rtspcaster.frontend.esproj">
    <Platform Project="AnyCPU" />
    <Build />
    <Deploy />
  </Project>
  <Project Path="RTSPCaster.Lib.SmokeTests/RTSPCaster.Lib.SmokeTests.csproj" />
  <Project Path="RTSPCaster.Lib/RTSPCaster.Lib.csproj" Id="6196de48-2b7e-4966-a410-df3bf293216c" />
  <Project Path="RTSPCaster/RTSPCaster.Win.csproj">
    <Platform Solution="*|x64" Project="x64" />
  </Project>
</Solution>
